{
    "_readme": [
        "This file locks the dependencies of your project to a known state",
        "Read more about it at https://getcomposer.org/doc/01-basic-usage.md#installing-dependencies",
        "This file is @generated automatically"
    ],
    "content-hash": "6f7c9d053382444a7a1077156da988e6",
    "packages": [
        {
            "name": "appsero/client",
            "version": "dev-develop",
            "source": {
                "type": "git",
                "url": "https://github.com/Appsero/client.git",
                "reference": "aef4cf138ab4f348cee4e2f20f7d3cd815db0877"
            },
            "dist": {
                "type": "zip",
                "url": "https://api.github.com/repos/Appsero/client/zipball/aef4cf138ab4f348cee4e2f20f7d3cd815db0877",
                "reference": "aef4cf138ab4f348cee4e2f20f7d3cd815db0877",
                "shasum": ""
            },
            "require": {
                "php": ">=5.6"
            },
            "require-dev": {
                "dealerdirect/phpcodesniffer-composer-installer": "^0.7.2",
                "phpcompatibility/phpcompatibility-wp": "dev-master",
                "phpunit/phpunit": "^8.5.31",
                "squizlabs/php_codesniffer": "^3.7",
                "tareq1988/wp-php-cs-fixer": "dev-master",
                "wp-coding-standards/wpcs": "dev-develop"
            },
            "default-branch": true,
            "type": "library",
            "autoload": {
                "psr-4": {
                    "Appsero\\": "src/"
                }
            },
            "notification-url": "https://packagist.org/downloads/",
            "license": [
                "MIT"
            ],
            "authors": [
                {
                    "name": "Tareq Hasan",
                    "email": "tareq@appsero.com"
                }
            ],
            "description": "Appsero Client",
            "keywords": [
                "analytics",
                "plugin",
                "theme",
                "wordpress"
            ],
            "support": {
                "issues": "https://github.com/Appsero/client/issues",
                "source": "https://github.com/Appsero/client/tree/develop"
            },
            "time": "2024-11-25T05:58:43+00:00"
        }
    ],
    "packages-dev": [],
    "aliases": [],
    "minimum-stability": "stable",
    "stability-flags": {
        "appsero/client": 20
    },
    "prefer-stable": false,
    "prefer-lowest": false,
    "platform": [],
    "platform-dev": [],
    "plugin-api-version": "2.3.0"
}
